// !$*UTF8*$!
{
	archiveVersion = 1;
	classes = {
	};
	objectVersion = 50;
	objects = {

/* Begin PBXBuildFile section */
		24AE194A20B2A53C00E337EE /* AppDelegate.m in Sources */ = {isa = PBXBuildFile; fileRef = 24AE194920B2A53C00E337EE /* AppDelegate.m */; };
		24AE194D20B2A53C00E337EE /* ViewController.m in Sources */ = {isa = PBXBuildFile; fileRef = 24AE194C20B2A53C00E337EE /* ViewController.m */; };
		24AE195020B2A53C00E337EE /* Main.storyboard in Resources */ = {isa = PBXBuildFile; fileRef = 24AE194E20B2A53C00E337EE /* Main.storyboard */; };
		24AE195320B2A53C00E337EE /* _______.xcdatamodeld in Sources */ = {isa = PBXBuildFile; fileRef = 24AE195120B2A53C00E337EE /* _______.xcdatamodeld */; };
		24AE195520B2A53E00E337EE /* Assets.xcassets in Resources */ = {isa = PBXBuildFile; fileRef = 24AE195420B2A53E00E337EE /* Assets.xcassets */; };
		24AE195820B2A53E00E337EE /* LaunchScreen.storyboard in Resources */ = {isa = PBXBuildFile; fileRef = 24AE195620B2A53E00E337EE /* LaunchScreen.storyboard */; };
		24AE195B20B2A53E00E337EE /* main.m in Sources */ = {isa = PBXBuildFile; fileRef = 24AE195A20B2A53E00E337EE /* main.m */; };
		24AE196520B2A7C700E337EE /* 2.jpg in Resources */ = {isa = PBXBuildFile; fileRef = 24AE196120B2A7C700E337EE /* 2.jpg */; };
		24AE196620B2A7C700E337EE /* 4.jpg in Resources */ = {isa = PBXBuildFile; fileRef = 24AE196220B2A7C700E337EE /* 4.jpg */; };
		24AE196720B2A7C700E337EE /* 3.jpg in Resources */ = {isa = PBXBuildFile; fileRef = 24AE196320B2A7C700E337EE /* 3.jpg */; };
		24AE196820B2A7C700E337EE /* 1.jpg in Resources */ = {isa = PBXBuildFile; fileRef = 24AE196420B2A7C700E337EE /* 1.jpg */; };
		24BEA86F20BD4B73004DEF2E /* UIShortTapGestureRecognizer.m in Sources */ = {isa = PBXBuildFile; fileRef = 24BEA86C20BD4B72004DEF2E /* UIShortTapGestureRecognizer.m */; };
		24BEA87020BD4B73004DEF2E /* PZExamineImage.m in Sources */ = {isa = PBXBuildFile; fileRef = 24BEA86D20BD4B72004DEF2E /* PZExamineImage.m */; };
/* End PBXBuildFile section */

/* Begin PBXFileReference section */
		24AE194520B2A53C00E337EE /* 朋友圈查看图片.app */ = {isa = PBXFileReference; explicitFileType = wrapper.application; includeInIndex = 0; path = "朋友圈查看图片.app"; sourceTree = BUILT_PRODUCTS_DIR; };
		24AE194820B2A53C00E337EE /* AppDelegate.h */ = {isa = PBXFileReference; lastKnownFileType = sourcecode.c.h; path = AppDelegate.h; sourceTree = "<group>"; };
		24AE194920B2A53C00E337EE /* AppDelegate.m */ = {isa = PBXFileReference; lastKnownFileType = sourcecode.c.objc; path = AppDelegate.m; sourceTree = "<group>"; };
		24AE194B20B2A53C00E337EE /* ViewController.h */ = {isa = PBXFileReference; lastKnownFileType = sourcecode.c.h; path = ViewController.h; sourceTree = "<group>"; };
		24AE194C20B2A53C00E337EE /* ViewController.m */ = {isa = PBXFileReference; lastKnownFileType = sourcecode.c.objc; path = ViewController.m; sourceTree = "<group>"; };
		24AE194F20B2A53C00E337EE /* Base */ = {isa = PBXFileReference; lastKnownFileType = file.storyboard; name = Base; path = Base.lproj/Main.storyboard; sourceTree = "<group>"; };
		24AE195220B2A53C00E337EE /* _______.xcdatamodel */ = {isa = PBXFileReference; lastKnownFileType = wrapper.xcdatamodel; path = "_______.xcdatamodel"; sourceTree = "<group>"; };
		24AE195420B2A53E00E337EE /* Assets.xcassets */ = {isa = PBXFileReference; lastKnownFileType = folder.assetcatalog; path = Assets.xcassets; sourceTree = "<group>"; };
		24AE195720B2A53E00E337EE /* Base */ = {isa = PBXFileReference; lastKnownFileType = file.storyboard; name = Base; path = Base.lproj/LaunchScreen.storyboard; sourceTree = "<group>"; };
		24AE195920B2A53E00E337EE /* Info.plist */ = {isa = PBXFileReference; lastKnownFileType = text.plist.xml; path = Info.plist; sourceTree = "<group>"; };
		24AE195A20B2A53E00E337EE /* main.m */ = {isa = PBXFileReference; lastKnownFileType = sourcecode.c.objc; path = main.m; sourceTree = "<group>"; };
		24AE196120B2A7C700E337EE /* 2.jpg */ = {isa = PBXFileReference; lastKnownFileType = image.jpeg; path = 2.jpg; sourceTree = "<group>"; };
		24AE196220B2A7C700E337EE /* 4.jpg */ = {isa = PBXFileReference; lastKnownFileType = image.jpeg; path = 4.jpg; sourceTree = "<group>"; };
		24AE196320B2A7C700E337EE /* 3.jpg */ = {isa = PBXFileReference; lastKnownFileType = image.jpeg; path = 3.jpg; sourceTree = "<group>"; };
		24AE196420B2A7C700E337EE /* 1.jpg */ = {isa = PBXFileReference; lastKnownFileType = image.jpeg; path = 1.jpg; sourceTree = "<group>"; };
		24BEA86B20BD4B72004DEF2E /* PZExamineImage.h */ = {isa = PBXFileReference; fileEncoding = 4; lastKnownFileType = sourcecode.c.h; path = PZExamineImage.h; sourceTree = "<group>"; };
		24BEA86C20BD4B72004DEF2E /* UIShortTapGestureRecognizer.m */ = {isa = PBXFileReference; fileEncoding = 4; lastKnownFileType = sourcecode.c.objc; path = UIShortTapGestureRecognizer.m; sourceTree = "<group>"; };
		24BEA86D20BD4B72004DEF2E /* PZExamineImage.m */ = {isa = PBXFileReference; fileEncoding = 4; lastKnownFileType = sourcecode.c.objc; path = PZExamineImage.m; sourceTree = "<group>"; };
		24BEA86E20BD4B72004DEF2E /* UIShortTapGestureRecognizer.h */ = {isa = PBXFileReference; fileEncoding = 4; lastKnownFileType = sourcecode.c.h; path = UIShortTapGestureRecognizer.h; sourceTree = "<group>"; };
/* End PBXFileReference section */

/* Begin PBXFrameworksBuildPhase section */
		24AE194220B2A53C00E337EE /* Frameworks */ = {
			isa = PBXFrameworksBuildPhase;
			buildActionMask = 2147483647;
			files = (
			);
			runOnlyForDeploymentPostprocessing = 0;
		};
/* End PBXFrameworksBuildPhase section */

/* Begin PBXGroup section */
		24AE193C20B2A53C00E337EE = {
			isa = PBXGroup;
			children = (
				24AE194720B2A53C00E337EE /* 朋友圈查看图片 */,
				24AE194620B2A53C00E337EE /* Products */,
			);
			sourceTree = "<group>";
		};
		24AE194620B2A53C00E337EE /* Products */ = {
			isa = PBXGroup;
			children = (
				24AE194520B2A53C00E337EE /* 朋友圈查看图片.app */,
			);
			name = Products;
			sourceTree = "<group>";
		};
		24AE194720B2A53C00E337EE /* 朋友圈查看图片 */ = {
			isa = PBXGroup;
			children = (
				24BEA86A20BD4B72004DEF2E /* PZExamineImage */,
				24AE194820B2A53C00E337EE /* AppDelegate.h */,
				24AE194920B2A53C00E337EE /* AppDelegate.m */,
				24AE196420B2A7C700E337EE /* 1.jpg */,
				24AE196120B2A7C700E337EE /* 2.jpg */,
				24AE196320B2A7C700E337EE /* 3.jpg */,
				24AE196220B2A7C700E337EE /* 4.jpg */,
				24AE194B20B2A53C00E337EE /* ViewController.h */,
				24AE194C20B2A53C00E337EE /* ViewController.m */,
				24AE194E20B2A53C00E337EE /* Main.storyboard */,
				24AE195420B2A53E00E337EE /* Assets.xcassets */,
				24AE195620B2A53E00E337EE /* LaunchScreen.storyboard */,
				24AE195920B2A53E00E337EE /* Info.plist */,
				24AE195A20B2A53E00E337EE /* main.m */,
				24AE195120B2A53C00E337EE /* _______.xcdatamodeld */,
			);
			path = "朋友圈查看图片";
			sourceTree = "<group>";
		};
		24BEA86A20BD4B72004DEF2E /* PZExamineImage */ = {
			isa = PBXGroup;
			children = (
				24BEA86B20BD4B72004DEF2E /* PZExamineImage.h */,
				24BEA86D20BD4B72004DEF2E /* PZExamineImage.m */,
				24BEA86E20BD4B72004DEF2E /* UIShortTapGestureRecognizer.h */,
				24BEA86C20BD4B72004DEF2E /* UIShortTapGestureRecognizer.m */,
			);
			path = PZExamineImage;
			sourceTree = "<group>";
		};
/* End PBXGroup section */

/* Begin PBXNativeTarget section */
		24AE194420B2A53C00E337EE /* 朋友圈查看图片 */ = {
			isa = PBXNativeTarget;
			buildConfigurationList = 24AE195E20B2A53E00E337EE /* Build configuration list for PBXNativeTarget "朋友圈查看图片" */;
			buildPhases = (
				24AE194120B2A53C00E337EE /* Sources */,
				24AE194220B2A53C00E337EE /* Frameworks */,
				24AE194320B2A53C00E337EE /* Resources */,
			);
			buildRules = (
			);
			dependencies = (
			);
			name = "朋友圈查看图片";
			productName = "朋友圈查看图片";
			productReference = 24AE194520B2A53C00E337EE /* 朋友圈查看图片.app */;
			productType = "com.apple.product-type.application";
		};
/* End PBXNativeTarget section */

/* Begin PBXProject section */
		24AE193D20B2A53C00E337EE /* Project object */ = {
			isa = PBXProject;
			attributes = {
				LastUpgradeCheck = 0930;
				ORGANIZATIONNAME = erongchuang;
				TargetAttributes = {
					24AE194420B2A53C00E337EE = {
						CreatedOnToolsVersion = 9.3.1;
					};
				};
			};
			buildConfigurationList = 24AE194020B2A53C00E337EE /* Build configuration list for PBXProject "朋友圈查看图片" */;
			compatibilityVersion = "Xcode 9.3";
			developmentRegion = en;
			hasScannedForEncodings = 0;
			knownRegions = (
				en,
				Base,
			);
			mainGroup = 24AE193C20B2A53C00E337EE;
			productRefGroup = 24AE194620B2A53C00E337EE /* Products */;
			projectDirPath = "";
			projectRoot = "";
			targets = (
				24AE194420B2A53C00E337EE /* 朋友圈查看图片 */,
			);
		};
/* End PBXProject section */

/* Begin PBXResourcesBuildPhase section */
		24AE194320B2A53C00E337EE /* Resources */ = {
			isa = PBXResourcesBuildPhase;
			buildActionMask = 2147483647;
			files = (
				24AE195820B2A53E00E337EE /* LaunchScreen.storyboard in Resources */,
				24AE195520B2A53E00E337EE /* Assets.xcassets in Resources */,
				24AE196520B2A7C700E337EE /* 2.jpg in Resources */,
				24AE196720B2A7C700E337EE /* 3.jpg in Resources */,
				24AE196620B2A7C700E337EE /* 4.jpg in Resources */,
				24AE195020B2A53C00E337EE /* Main.storyboard in Resources */,
				24AE196820B2A7C700E337EE /* 1.jpg in Resources */,
			);
			runOnlyForDeploymentPostprocessing = 0;
		};
/* End PBXResourcesBuildPhase section */

/* Begin PBXSourcesBuildPhase section */
		24AE194120B2A53C00E337EE /* Sources */ = {
			isa = PBXSourcesBuildPhase;
			buildActionMask = 2147483647;
			files = (
				24AE195320B2A53C00E337EE /* _______.xcdatamodeld in Sources */,
				24BEA86F20BD4B73004DEF2E /* UIShortTapGestureRecognizer.m in Sources */,
				24AE194D20B2A53C00E337EE /* ViewController.m in Sources */,
				24AE195B20B2A53E00E337EE /* main.m in Sources */,
				24AE194A20B2A53C00E337EE /* AppDelegate.m in Sources */,
				24BEA87020BD4B73004DEF2E /* PZExamineImage.m in Sources */,
			);
			runOnlyForDeploymentPostprocessing = 0;
		};
/* End PBXSourcesBuildPhase section */

/* Begin PBXVariantGroup section */
		24AE194E20B2A53C00E337EE /* Main.storyboard */ = {
			isa = PBXVariantGroup;
			children = (
				24AE194F20B2A53C00E337EE /* Base */,
			);
			name = Main.storyboard;
			sourceTree = "<group>";
		};
		24AE195620B2A53E00E337EE /* LaunchScreen.storyboard */ = {
			isa = PBXVariantGroup;
			children = (
				24AE195720B2A53E00E337EE /* Base */,
			);
			name = LaunchScreen.storyboard;
			sourceTree = "<group>";
		};
/* End PBXVariantGroup section */

/* Begin XCBuildConfiguration section */
		24AE195C20B2A53E00E337EE /* Debug */ = {
			isa = XCBuildConfiguration;
			buildSettings = {
				ALWAYS_SEARCH_USER_PATHS = NO;
				CLANG_ANALYZER_NONNULL = YES;
				CLANG_ANALYZER_NUMBER_OBJECT_CONVERSION = YES_AGGRESSIVE;
				CLANG_CXX_LANGUAGE_STANDARD = "gnu++14";
				CLANG_CXX_LIBRARY = "libc++";
				CLANG_ENABLE_MODULES = YES;
				CLANG_ENABLE_OBJC_ARC = YES;
				CLANG_ENABLE_OBJC_WEAK = YES;
				CLANG_WARN_BLOCK_CAPTURE_AUTORELEASING = YES;
				CLANG_WARN_BOOL_CONVERSION = YES;
				CLANG_WARN_COMMA = YES;
				CLANG_WARN_CONSTANT_CONVERSION = YES;
				CLANG_WARN_DEPRECATED_OBJC_IMPLEMENTATIONS = YES;
				CLANG_WARN_DIRECT_OBJC_ISA_USAGE = YES_ERROR;
				CLANG_WARN_DOCUMENTATION_COMMENTS = YES;
				CLANG_WARN_EMPTY_BODY = YES;
				CLANG_WARN_ENUM_CONVERSION = YES;
				CLANG_WARN_INFINITE_RECURSION = YES;
				CLANG_WARN_INT_CONVERSION = YES;
				CLANG_WARN_NON_LITERAL_NULL_CONVERSION = YES;
				CLANG_WARN_OBJC_IMPLICIT_RETAIN_SELF = YES;
				CLANG_WARN_OBJC_LITERAL_CONVERSION = YES;
				CLANG_WARN_OBJC_ROOT_CLASS = YES_ERROR;
				CLANG_WARN_RANGE_LOOP_ANALYSIS = YES;
				CLANG_WARN_STRICT_PROTOTYPES = YES;
				CLANG_WARN_SUSPICIOUS_MOVE = YES;
				CLANG_WARN_UNGUARDED_AVAILABILITY = YES_AGGRESSIVE;
				CLANG_WARN_UNREACHABLE_CODE = YES;
				CLANG_WARN__DUPLICATE_METHOD_MATCH = YES;
				CODE_SIGN_IDENTITY = "iPhone Developer";
				COPY_PHASE_STRIP = NO;
				DEBUG_INFORMATION_FORMAT = dwarf;
				ENABLE_STRICT_OBJC_MSGSEND = YES;
				ENABLE_TESTABILITY = YES;
				GCC_C_LANGUAGE_STANDARD = gnu11;
				GCC_DYNAMIC_NO_PIC = NO;
				GCC_NO_COMMON_BLOCKS = YES;
				GCC_OPTIMIZATION_LEVEL = 0;
				GCC_PREPROCESSOR_DEFINITIONS = (
					"DEBUG=1",
					"$(inherited)",
				);
				GCC_WARN_64_TO_32_BIT_CONVERSION = YES;
				GCC_WARN_ABOUT_RETURN_TYPE = YES_ERROR;
				GCC_WARN_UNDECLARED_SELECTOR = YES;
				GCC_WARN_UNINITIALIZED_AUTOS = YES_AGGRESSIVE;
				GCC_WARN_UNUSED_FUNCTION = YES;
				GCC_WARN_UNUSED_VARIABLE = YES;
				IPHONEOS_DEPLOYMENT_TARGET = 11.3;
				MTL_ENABLE_DEBUG_INFO = YES;
				ONLY_ACTIVE_ARCH = YES;
				SDKROOT = iphoneos;
			};
			name = Debug;
		};
		24AE195D20B2A53E00E337EE /* Release */ = {
			isa = XCBuildConfiguration;
			buildSettings = {
				ALWAYS_SEARCH_USER_PATHS = NO;
				CLANG_ANALYZER_NONNULL = YES;
				CLANG_ANALYZER_NUMBER_OBJECT_CONVERSION = YES_AGGRESSIVE;
				CLANG_CXX_LANGUAGE_STANDARD = "gnu++14";
				CLANG_CXX_LIBRARY = "libc++";
				CLANG_ENABLE_MODULES = YES;
				CLANG_ENABLE_OBJC_ARC = YES;
				CLANG_ENABLE_OBJC_WEAK = YES;
				CLANG_WARN_BLOCK_CAPTURE_AUTORELEASING = YES;
				CLANG_WARN_BOOL_CONVERSION = YES;
				CLANG_WARN_COMMA = YES;
				CLANG_WARN_CONSTANT_CONVERSION = YES;
				CLANG_WARN_DEPRECATED_OBJC_IMPLEMENTATIONS = YES;
				CLANG_WARN_DIRECT_OBJC_ISA_USAGE = YES_ERROR;
				CLANG_WARN_DOCUMENTATION_COMMENTS = YES;
				CLANG_WARN_EMPTY_BODY = YES;
				CLANG_WARN_ENUM_CONVERSION = YES;
				CLANG_WARN_INFINITE_RECURSION = YES;
				CLANG_WARN_INT_CONVERSION = YES;
				CLANG_WARN_NON_LITERAL_NULL_CONVERSION = YES;
				CLANG_WARN_OBJC_IMPLICIT_RETAIN_SELF = YES;
				CLANG_WARN_OBJC_LITERAL_CONVERSION = YES;
				CLANG_WARN_OBJC_ROOT_CLASS = YES_ERROR;
				CLANG_WARN_RANGE_LOOP_ANALYSIS = YES;
				CLANG_WARN_STRICT_PROTOTYPES = YES;
				CLANG_WARN_SUSPICIOUS_MOVE = YES;
				CLANG_WARN_UNGUARDED_AVAILABILITY = YES_AGGRESSIVE;
				CLANG_WARN_UNREACHABLE_CODE = YES;
				CLANG_WARN__DUPLICATE_METHOD_MATCH = YES;
				CODE_SIGN_IDENTITY = "iPhone Developer";
				COPY_PHASE_STRIP = NO;
				DEBUG_INFORMATION_FORMAT = "dwarf-with-dsym";
				ENABLE_NS_ASSERTIONS = NO;
				ENABLE_STRICT_OBJC_MSGSEND = YES;
				GCC_C_LANGUAGE_STANDARD = gnu11;
				GCC_NO_COMMON_BLOCKS = YES;
				GCC_WARN_64_TO_32_BIT_CONVERSION = YES;
				GCC_WARN_ABOUT_RETURN_TYPE = YES_ERROR;
				GCC_WARN_UNDECLARED_SELECTOR = YES;
				GCC_WARN_UNINITIALIZED_AUTOS = YES_AGGRESSIVE;
				GCC_WARN_UNUSED_FUNCTION = YES;
				GCC_WARN_UNUSED_VARIABLE = YES;
				IPHONEOS_DEPLOYMENT_TARGET = 11.3;
				MTL_ENABLE_DEBUG_INFO = NO;
				SDKROOT = iphoneos;
				VALIDATE_PRODUCT = YES;
			};
			name = Release;
		};
		24AE195F20B2A53E00E337EE /* Debug */ = {
			isa = XCBuildConfiguration;
			buildSettings = {
				ASSETCATALOG_COMPILER_APPICON_NAME = AppIcon;
				CODE_SIGN_STYLE = Automatic;
				DEVELOPMENT_TEAM = UEE2H52CTA;
				INFOPLIST_FILE = "朋友圈查看图片/Info.plist";
				IPHONEOS_DEPLOYMENT_TARGET = 10.0;
				LD_RUNPATH_SEARCH_PATHS = (
					"$(inherited)",
					"@executable_path/Frameworks",
				);
				PRODUCT_BUNDLE_IDENTIFIER = "com.pz.-------";
				PRODUCT_NAME = "$(TARGET_NAME)";
				TARGETED_DEVICE_FAMILY = "1,2";
			};
			name = Debug;
		};
		24AE196020B2A53E00E337EE /* Release */ = {
			isa = XCBuildConfiguration;
			buildSettings = {
				ASSETCATALOG_COMPILER_APPICON_NAME = AppIcon;
				CODE_SIGN_STYLE = Automatic;
				DEVELOPMENT_TEAM = UEE2H52CTA;
				INFOPLIST_FILE = "朋友圈查看图片/Info.plist";
				IPHONEOS_DEPLOYMENT_TARGET = 10.0;
				LD_RUNPATH_SEARCH_PATHS = (
					"$(inherited)",
					"@executable_path/Frameworks",
				);
				PRODUCT_BUNDLE_IDENTIFIER = "com.pz.-------";
				PRODUCT_NAME = "$(TARGET_NAME)";
				TARGETED_DEVICE_FAMILY = "1,2";
			};
			name = Release;
		};
/* End XCBuildConfiguration section */

/* Begin XCConfigurationList section */
		24AE194020B2A53C00E337EE /* Build configuration list for PBXProject "朋友圈查看图片" */ = {
			isa = XCConfigurationList;
			buildConfigurations = (
				24AE195C20B2A53E00E337EE /* Debug */,
				24AE195D20B2A53E00E337EE /* Release */,
			);
			defaultConfigurationIsVisible = 0;
			defaultConfigurationName = Release;
		};
		24AE195E20B2A53E00E337EE /* Build configuration list for PBXNativeTarget "朋友圈查看图片" */ = {
			isa = XCConfigurationList;
			buildConfigurations = (
				24AE195F20B2A53E00E337EE /* Debug */,
				24AE196020B2A53E00E337EE /* Release */,
			);
			defaultConfigurationIsVisible = 0;
			defaultConfigurationName = Release;
		};
/* End XCConfigurationList section */

/* Begin XCVersionGroup section */
		24AE195120B2A53C00E337EE /* _______.xcdatamodeld */ = {
			isa = XCVersionGroup;
			children = (
				24AE195220B2A53C00E337EE /* _______.xcdatamodel */,
			);
			currentVersion = 24AE195220B2A53C00E337EE /* _______.xcdatamodel */;
			path = "_______.xcdatamodeld";
			sourceTree = "<group>";
			versionGroupType = wrapper.xcdatamodel;
		};
/* End XCVersionGroup section */
	};
	rootObject = 24AE193D20B2A53C00E337EE /* Project object */;
}
